
Microsoft Visual Studio Solution File, Format Version 12.00
# Visual Studio Version 16
VisualStudioVersion = 16.0.32126.315
MinimumVisualStudioVersion = 10.0.40219.1
Project("{8BC9CEB8-8B4A-11D0-8D11-00A0C91BC942}") = "Fft_Ifft", "Fft_Ifft\Fft_Ifft.vcxproj", "{2FC70741-DC35-476B-B733-F0C7E31340F0}"
EndProject
Global
	GlobalSection(SolutionConfigurationPlatforms) = preSolution
		Debug|x64 = Debug|x64
		Debug|x86 = Debug|x86
		Release|x64 = Release|x64
		Release|x86 = Release|x86
	EndGlobalSection
	GlobalSection(ProjectConfigurationPlatforms) = postSolution
		{2FC70741-DC35-476B-B733-F0C7E31340F0}.Debug|x64.ActiveCfg = Debug|x64
		{2FC70741-DC35-476B-B733-F0C7E31340F0}.Debug|x64.Build.0 = Debug|x64
		{2FC70741-DC35-476B-B733-F0C7E31340F0}.Debug|x86.ActiveCfg = Debug|Win32
		{2FC70741-DC35-476B-B733-F0C7E31340F0}.Debug|x86.Build.0 = Debug|Win32
		{2FC70741-DC35-476B-B733-F0C7E31340F0}.Release|x64.ActiveCfg = Release|x64
		{2FC70741-DC35-476B-B733-F0C7E31340F0}.Release|x64.Build.0 = Release|x64
		{2FC70741-DC35-476B-B733-F0C7E31340F0}.Release|x86.ActiveCfg = Release|Win32
		{2FC70741-DC35-476B-B733-F0C7E31340F0}.Release|x86.Build.0 = Release|Win32
	EndGlobalSection
	GlobalSection(SolutionProperties) = preSolution
		HideSolutionNode = FALSE
	EndGlobalSection
	GlobalSection(ExtensibilityGlobals) = postSolution
		SolutionGuid = {15F938ED-AC7A-4BC8-A408-7C26B152D10E}
	EndGlobalSection
EndGlobal
